
Microsoft Visual Studio Solution File, Format Version 12.00
# Visual Studio 15
VisualStudioVersion = 15.0.28010.2016
MinimumVisualStudioVersion = 10.0.40219.1
Project("{FAE04EC0-301F-11D3-BF4B-00C04F79EFBC}") = "L10", "L10\L10.csproj", "{9107F599-ACCB-4A24-BD73-08E4CA2987A5}"
EndProject
Global
	GlobalSection(SolutionConfigurationPlatforms) = preSolution
		Debug|Any CPU = Debug|Any CPU
		Release|Any CPU = Release|Any CPU
	EndGlobalSection
	GlobalSection(ProjectConfigurationPlatforms) = postSolution
		{9107F599-ACCB-4A24-BD73-08E4CA2987A5}.Debug|Any CPU.ActiveCfg = Debug|Any CPU
		{9107F599-ACCB-4A24-BD73-08E4CA2987A5}.Debug|Any CPU.Build.0 = Debug|Any CPU
		{9107F599-ACCB-4A24-BD73-08E4CA2987A5}.Release|Any CPU.ActiveCfg = Release|Any CPU
		{9107F599-ACCB-4A24-BD73-08E4CA2987A5}.Release|Any CPU.Build.0 = Release|Any CPU
	EndGlobalSection
	GlobalSection(SolutionProperties) = preSolution
		HideSolutionNode = FALSE
	EndGlobalSection
	GlobalSection(ExtensibilityGlobals) = postSolution
		SolutionGuid = {B50B51AD-200C-4B52-8E96-4E95944C6C34}
	EndGlobalSection
EndGlobal
