
Microsoft Visual Studio Solution File, Format Version 12.00
# Visual Studio Version 16
VisualStudioVersion = 16.0.31129.286
MinimumVisualStudioVersion = 10.0.40219.1
Project("{FAE04EC0-301F-11D3-BF4B-00C04F79EFBC}") = "WpfApp1", "WpfApp1\WpfApp1.csproj", "{29DB3CDC-57B9-41F6-8453-B3678D041683}"
EndProject
Global
	GlobalSection(SolutionConfigurationPlatforms) = preSolution
		Debug|Any CPU = Debug|Any CPU
		Release|Any CPU = Release|Any CPU
	EndGlobalSection
	GlobalSection(ProjectConfigurationPlatforms) = postSolution
		{29DB3CDC-57B9-41F6-8453-B3678D041683}.Debug|Any CPU.ActiveCfg = Debug|Any CPU
		{29DB3CDC-57B9-41F6-8453-B3678D041683}.Debug|Any CPU.Build.0 = Debug|Any CPU
		{29DB3CDC-57B9-41F6-8453-B3678D041683}.Release|Any CPU.ActiveCfg = Release|Any CPU
		{29DB3CDC-57B9-41F6-8453-B3678D041683}.Release|Any CPU.Build.0 = Release|Any CPU
	EndGlobalSection
	GlobalSection(SolutionProperties) = preSolution
		HideSolutionNode = FALSE
	EndGlobalSection
	GlobalSection(ExtensibilityGlobals) = postSolution
		SolutionGuid = {3AEFA82E-EB07-4065-BFE0-D0373B9403CE}
	EndGlobalSection
EndGlobal
