
Microsoft Visual Studio Solution File, Format Version 12.00
# Visual Studio Version 16
VisualStudioVersion = 16.0.31129.286
MinimumVisualStudioVersion = 10.0.40219.1
Project("{FAE04EC0-301F-11D3-BF4B-00C04F79EFBC}") = "VoxelLibrary", "VoxelLibrary\VoxelLibrary.csproj", "{3953155A-C1F1-4D26-8560-714E81D0B6A2}"
EndProject
Global
	GlobalSection(SolutionConfigurationPlatforms) = preSolution
		Debug|Any CPU = Debug|Any CPU
		Release|Any CPU = Release|Any CPU
	EndGlobalSection
	GlobalSection(ProjectConfigurationPlatforms) = postSolution
		{3953155A-C1F1-4D26-8560-714E81D0B6A2}.Debug|Any CPU.ActiveCfg = Debug|Any CPU
		{3953155A-C1F1-4D26-8560-714E81D0B6A2}.Debug|Any CPU.Build.0 = Debug|Any CPU
		{3953155A-C1F1-4D26-8560-714E81D0B6A2}.Release|Any CPU.ActiveCfg = Release|Any CPU
		{3953155A-C1F1-4D26-8560-714E81D0B6A2}.Release|Any CPU.Build.0 = Release|Any CPU
	EndGlobalSection
	GlobalSection(SolutionProperties) = preSolution
		HideSolutionNode = FALSE
	EndGlobalSection
	GlobalSection(ExtensibilityGlobals) = postSolution
		SolutionGuid = {63B32926-9B18-4740-84E9-CAB7A0D58FF9}
	EndGlobalSection
EndGlobal
