
Microsoft Visual Studio Solution File, Format Version 12.00
# Visual Studio Version 16
VisualStudioVersion = 16.0.31129.286
MinimumVisualStudioVersion = 10.0.40219.1
Project("{FAE04EC0-301F-11D3-BF4B-00C04F79EFBC}") = "CalculationStressLibrary", "CalculationStressLibrary\CalculationStressLibrary.csproj", "{C907BED7-05E6-497F-A919-58BFC2488FBA}"
EndProject
Global
	GlobalSection(SolutionConfigurationPlatforms) = preSolution
		Debug|Any CPU = Debug|Any CPU
		Release|Any CPU = Release|Any CPU
	EndGlobalSection
	GlobalSection(ProjectConfigurationPlatforms) = postSolution
		{C907BED7-05E6-497F-A919-58BFC2488FBA}.Debug|Any CPU.ActiveCfg = Debug|Any CPU
		{C907BED7-05E6-497F-A919-58BFC2488FBA}.Debug|Any CPU.Build.0 = Debug|Any CPU
		{C907BED7-05E6-497F-A919-58BFC2488FBA}.Release|Any CPU.ActiveCfg = Release|Any CPU
		{C907BED7-05E6-497F-A919-58BFC2488FBA}.Release|Any CPU.Build.0 = Release|Any CPU
	EndGlobalSection
	GlobalSection(SolutionProperties) = preSolution
		HideSolutionNode = FALSE
	EndGlobalSection
	GlobalSection(ExtensibilityGlobals) = postSolution
		SolutionGuid = {D41F6482-CBE6-4B98-8BCC-5E4D0087F5B2}
	EndGlobalSection
EndGlobal
